{
  "lockfileVersion": 1,
  "configVersion": 0,
  "workspaces": {
    "": {
      "name": "cloudflare-clean-ip-scanner",
      "dependencies": {
        "ip-cidr": "^4.0.2",
      },
      "devDependencies": {
        "@types/node": "^25.1.0",
        "typescript": "^5.9.3",
      },
    },
  },
  "packages": {
    "@types/node": ["@types/node@25.1.0", "", { "dependencies": { "undici-types": "~7.16.0" } }, ""],

    "ip-address": ["ip-address@9.0.5", "", { "dependencies": { "jsbn": "1.1.0", "sprintf-js": "^1.1.3" } }, ""],

    "ip-cidr": ["ip-cidr@4.0.2", "", { "dependencies": { "ip-address": "^9.0.5" } }, ""],

    "jsbn": ["jsbn@1.1.0", "", {}, ""],

    "sprintf-js": ["sprintf-js@1.1.3", "", {}, ""],

    "typescript": ["typescript@5.9.3", "", { "bin": { "tsc": "bin/tsc", "tsserver": "bin/tsserver" } }, ""],

    "undici-types": ["undici-types@7.16.0", "", {}, ""],
  }
}
